
Microsoft Visual Studio Solution File, Format Version 12.00
# Visual Studio Version 17
VisualStudioVersion = 17.10.35013.160
MinimumVisualStudioVersion = 10.0.40219.1
Project("{9A19103F-16F7-4668-BE54-9A1E7A4F7556}") = "Day2", "Day2\Day2.csproj", "{5497BAA7-E4F7-4435-9808-33A648551AC1}"
EndProject
Global
	GlobalSection(SolutionConfigurationPlatforms) = preSolution
		Debug|Any CPU = Debug|Any CPU
		Release|Any CPU = Release|Any CPU
	EndGlobalSection
	GlobalSection(ProjectConfigurationPlatforms) = postSolution
		{5497BAA7-E4F7-4435-9808-33A648551AC1}.Debug|Any CPU.ActiveCfg = Debug|Any CPU
		{5497BAA7-E4F7-4435-9808-33A648551AC1}.Debug|Any CPU.Build.0 = Debug|Any CPU
		{5497BAA7-E4F7-4435-9808-33A648551AC1}.Release|Any CPU.ActiveCfg = Release|Any CPU
		{5497BAA7-E4F7-4435-9808-33A648551AC1}.Release|Any CPU.Build.0 = Release|Any CPU
	EndGlobalSection
	GlobalSection(SolutionProperties) = preSolution
		HideSolutionNode = FALSE
	EndGlobalSection
	GlobalSection(ExtensibilityGlobals) = postSolution
		SolutionGuid = {869C839C-9A5D-4EFF-A439-BC93E03E7E99}
	EndGlobalSection
EndGlobal
